
Microsoft Visual Studio Solution File, Format Version 12.00
# Visual Studio Version 16
VisualStudioVersion = 16.0.31424.327
MinimumVisualStudioVersion = 10.0.40219.1
Project("{FAE04EC0-301F-11D3-BF4B-00C04F79EFBC}") = "ModelDrivenView", "ModelDrivenView\ModelDrivenView.csproj", "{73A1DB73-5C03-4472-81BE-DBD496A949CD}"
EndProject
Global
	GlobalSection(SolutionConfigurationPlatforms) = preSolution
		Debug|Any CPU = Debug|Any CPU
		Release|Any CPU = Release|Any CPU
	EndGlobalSection
	GlobalSection(ProjectConfigurationPlatforms) = postSolution
		{73A1DB73-5C03-4472-81BE-DBD496A949CD}.Debug|Any CPU.ActiveCfg = Debug|Any CPU
		{73A1DB73-5C03-4472-81BE-DBD496A949CD}.Debug|Any CPU.Build.0 = Debug|Any CPU
		{73A1DB73-5C03-4472-81BE-DBD496A949CD}.Release|Any CPU.ActiveCfg = Release|Any CPU
		{73A1DB73-5C03-4472-81BE-DBD496A949CD}.Release|Any CPU.Build.0 = Release|Any CPU
	EndGlobalSection
	GlobalSection(SolutionProperties) = preSolution
		HideSolutionNode = FALSE
	EndGlobalSection
	GlobalSection(ExtensibilityGlobals) = postSolution
		SolutionGuid = {1AA0FF71-3EAA-4D7D-9D5A-5461A7D6E124}
	EndGlobalSection
EndGlobal
